
Microsoft Visual Studio Solution File, Format Version 11.00
# Visual Studio 2010
Project("{FAE04EC0-301F-11D3-BF4B-00C04F79EFBC}") = "Model", "Model\Model.csproj", "{4EE255C4-E409-4ACD-9415-CBA62673DAB7}"
EndProject
Project("{FAE04EC0-301F-11D3-BF4B-00C04F79EFBC}") = "Interface", "Interface\Interface.csproj", "{5B878863-0269-4D50-AFCA-67859A8F3BF1}"
EndProject
Project("{FAE04EC0-301F-11D3-BF4B-00C04F79EFBC}") = "Services", "Services\Services.csproj", "{1F47F74E-3C9A-4F2F-A006-7BAB349B0537}"
EndProject
Project("{FAE04EC0-301F-11D3-BF4B-00C04F79EFBC}") = "WCFClient", "WCFClient\WCFClient.csproj", "{969F0C32-21EF-44FF-832E-37D4E05738F6}"
EndProject
Project("{FAE04EC0-301F-11D3-BF4B-00C04F79EFBC}") = "WCFHost", "WCFHost\WCFHost.csproj", "{30520515-6B93-4403-BB31-C26E3A5DDFF6}"
EndProject
Project("{FAE04EC0-301F-11D3-BF4B-00C04F79EFBC}") = "ConApp", "ConApp\ConApp.csproj", "{C81EADB7-E676-4E4F-9E2B-CD5CDBFC6F56}"
EndProject
Global
	GlobalSection(SolutionConfigurationPlatforms) = preSolution
		Debug|Any CPU = Debug|Any CPU
		Debug|Mixed Platforms = Debug|Mixed Platforms
		Debug|x86 = Debug|x86
		Release|Any CPU = Release|Any CPU
		Release|Mixed Platforms = Release|Mixed Platforms
		Release|x86 = Release|x86
	EndGlobalSection
	GlobalSection(ProjectConfigurationPlatforms) = postSolution
		{4EE255C4-E409-4ACD-9415-CBA62673DAB7}.Debug|Any CPU.ActiveCfg = Debug|Any CPU
		{4EE255C4-E409-4ACD-9415-CBA62673DAB7}.Debug|Any CPU.Build.0 = Debug|Any CPU
		{4EE255C4-E409-4ACD-9415-CBA62673DAB7}.Debug|Mixed Platforms.ActiveCfg = Debug|Any CPU
		{4EE255C4-E409-4ACD-9415-CBA62673DAB7}.Debug|Mixed Platforms.Build.0 = Debug|Any CPU
		{4EE255C4-E409-4ACD-9415-CBA62673DAB7}.Debug|x86.ActiveCfg = Debug|Any CPU
		{4EE255C4-E409-4ACD-9415-CBA62673DAB7}.Release|Any CPU.ActiveCfg = Release|Any CPU
		{4EE255C4-E409-4ACD-9415-CBA62673DAB7}.Release|Any CPU.Build.0 = Release|Any CPU
		{4EE255C4-E409-4ACD-9415-CBA62673DAB7}.Release|Mixed Platforms.ActiveCfg = Release|Any CPU
		{4EE255C4-E409-4ACD-9415-CBA62673DAB7}.Release|Mixed Platforms.Build.0 = Release|Any CPU
		{4EE255C4-E409-4ACD-9415-CBA62673DAB7}.Release|x86.ActiveCfg = Release|Any CPU
		{5B878863-0269-4D50-AFCA-67859A8F3BF1}.Debug|Any CPU.ActiveCfg = Debug|Any CPU
		{5B878863-0269-4D50-AFCA-67859A8F3BF1}.Debug|Any CPU.Build.0 = Debug|Any CPU
		{5B878863-0269-4D50-AFCA-67859A8F3BF1}.Debug|Mixed Platforms.ActiveCfg = Debug|Any CPU
		{5B878863-0269-4D50-AFCA-67859A8F3BF1}.Debug|Mixed Platforms.Build.0 = Debug|Any CPU
		{5B878863-0269-4D50-AFCA-67859A8F3BF1}.Debug|x86.ActiveCfg = Debug|Any CPU
		{5B878863-0269-4D50-AFCA-67859A8F3BF1}.Release|Any CPU.ActiveCfg = Release|Any CPU
		{5B878863-0269-4D50-AFCA-67859A8F3BF1}.Release|Any CPU.Build.0 = Release|Any CPU
		{5B878863-0269-4D50-AFCA-67859A8F3BF1}.Release|Mixed Platforms.ActiveCfg = Release|Any CPU
		{5B878863-0269-4D50-AFCA-67859A8F3BF1}.Release|Mixed Platforms.Build.0 = Release|Any CPU
		{5B878863-0269-4D50-AFCA-67859A8F3BF1}.Release|x86.ActiveCfg = Release|Any CPU
		{1F47F74E-3C9A-4F2F-A006-7BAB349B0537}.Debug|Any CPU.ActiveCfg = Debug|Any CPU
		{1F47F74E-3C9A-4F2F-A006-7BAB349B0537}.Debug|Any CPU.Build.0 = Debug|Any CPU
		{1F47F74E-3C9A-4F2F-A006-7BAB349B0537}.Debug|Mixed Platforms.ActiveCfg = Debug|Any CPU
		{1F47F74E-3C9A-4F2F-A006-7BAB349B0537}.Debug|Mixed Platforms.Build.0 = Debug|Any CPU
		{1F47F74E-3C9A-4F2F-A006-7BAB349B0537}.Debug|x86.ActiveCfg = Debug|Any CPU
		{1F47F74E-3C9A-4F2F-A006-7BAB349B0537}.Release|Any CPU.ActiveCfg = Release|Any CPU
		{1F47F74E-3C9A-4F2F-A006-7BAB349B0537}.Release|Any CPU.Build.0 = Release|Any CPU
		{1F47F74E-3C9A-4F2F-A006-7BAB349B0537}.Release|Mixed Platforms.ActiveCfg = Release|Any CPU
		{1F47F74E-3C9A-4F2F-A006-7BAB349B0537}.Release|Mixed Platforms.Build.0 = Release|Any CPU
		{1F47F74E-3C9A-4F2F-A006-7BAB349B0537}.Release|x86.ActiveCfg = Release|Any CPU
		{969F0C32-21EF-44FF-832E-37D4E05738F6}.Debug|Any CPU.ActiveCfg = Debug|x86
		{969F0C32-21EF-44FF-832E-37D4E05738F6}.Debug|Mixed Platforms.ActiveCfg = Debug|x86
		{969F0C32-21EF-44FF-832E-37D4E05738F6}.Debug|Mixed Platforms.Build.0 = Debug|x86
		{969F0C32-21EF-44FF-832E-37D4E05738F6}.Debug|x86.ActiveCfg = Debug|x86
		{969F0C32-21EF-44FF-832E-37D4E05738F6}.Debug|x86.Build.0 = Debug|x86
		{969F0C32-21EF-44FF-832E-37D4E05738F6}.Release|Any CPU.ActiveCfg = Release|x86
		{969F0C32-21EF-44FF-832E-37D4E05738F6}.Release|Mixed Platforms.ActiveCfg = Release|x86
		{969F0C32-21EF-44FF-832E-37D4E05738F6}.Release|Mixed Platforms.Build.0 = Release|x86
		{969F0C32-21EF-44FF-832E-37D4E05738F6}.Release|x86.ActiveCfg = Release|x86
		{969F0C32-21EF-44FF-832E-37D4E05738F6}.Release|x86.Build.0 = Release|x86
		{30520515-6B93-4403-BB31-C26E3A5DDFF6}.Debug|Any CPU.ActiveCfg = Debug|x86
		{30520515-6B93-4403-BB31-C26E3A5DDFF6}.Debug|Mixed Platforms.ActiveCfg = Debug|x86
		{30520515-6B93-4403-BB31-C26E3A5DDFF6}.Debug|Mixed Platforms.Build.0 = Debug|x86
		{30520515-6B93-4403-BB31-C26E3A5DDFF6}.Debug|x86.ActiveCfg = Debug|x86
		{30520515-6B93-4403-BB31-C26E3A5DDFF6}.Debug|x86.Build.0 = Debug|x86
		{30520515-6B93-4403-BB31-C26E3A5DDFF6}.Release|Any CPU.ActiveCfg = Release|x86
		{30520515-6B93-4403-BB31-C26E3A5DDFF6}.Release|Mixed Platforms.ActiveCfg = Release|x86
		{30520515-6B93-4403-BB31-C26E3A5DDFF6}.Release|Mixed Platforms.Build.0 = Release|x86
		{30520515-6B93-4403-BB31-C26E3A5DDFF6}.Release|x86.ActiveCfg = Release|x86
		{30520515-6B93-4403-BB31-C26E3A5DDFF6}.Release|x86.Build.0 = Release|x86
		{C81EADB7-E676-4E4F-9E2B-CD5CDBFC6F56}.Debug|Any CPU.ActiveCfg = Debug|x86
		{C81EADB7-E676-4E4F-9E2B-CD5CDBFC6F56}.Debug|Mixed Platforms.ActiveCfg = Debug|x86
		{C81EADB7-E676-4E4F-9E2B-CD5CDBFC6F56}.Debug|Mixed Platforms.Build.0 = Debug|x86
		{C81EADB7-E676-4E4F-9E2B-CD5CDBFC6F56}.Debug|x86.ActiveCfg = Debug|x86
		{C81EADB7-E676-4E4F-9E2B-CD5CDBFC6F56}.Debug|x86.Build.0 = Debug|x86
		{C81EADB7-E676-4E4F-9E2B-CD5CDBFC6F56}.Release|Any CPU.ActiveCfg = Release|x86
		{C81EADB7-E676-4E4F-9E2B-CD5CDBFC6F56}.Release|Mixed Platforms.ActiveCfg = Release|x86
		{C81EADB7-E676-4E4F-9E2B-CD5CDBFC6F56}.Release|Mixed Platforms.Build.0 = Release|x86
		{C81EADB7-E676-4E4F-9E2B-CD5CDBFC6F56}.Release|x86.ActiveCfg = Release|x86
		{C81EADB7-E676-4E4F-9E2B-CD5CDBFC6F56}.Release|x86.Build.0 = Release|x86
	EndGlobalSection
	GlobalSection(SolutionProperties) = preSolution
		HideSolutionNode = FALSE
	EndGlobalSection
EndGlobal
